
Microsoft Visual Studio Solution File, Format Version 12.00
# Visual Studio Version 16
VisualStudioVersion = 16.0.31313.79
MinimumVisualStudioVersion = 10.0.40219.1
Project("{FAE04EC0-301F-11D3-BF4B-00C04F79EFBC}") = "colculator", "colculator\colculator.csproj", "{E68622EE-CF54-4FD3-9178-04EA0374AA0F}"
EndProject
Global
	GlobalSection(SolutionConfigurationPlatforms) = preSolution
		Debug|Any CPU = Debug|Any CPU
		Release|Any CPU = Release|Any CPU
	EndGlobalSection
	GlobalSection(ProjectConfigurationPlatforms) = postSolution
		{E68622EE-CF54-4FD3-9178-04EA0374AA0F}.Debug|Any CPU.ActiveCfg = Debug|Any CPU
		{E68622EE-CF54-4FD3-9178-04EA0374AA0F}.Debug|Any CPU.Build.0 = Debug|Any CPU
		{E68622EE-CF54-4FD3-9178-04EA0374AA0F}.Release|Any CPU.ActiveCfg = Release|Any CPU
		{E68622EE-CF54-4FD3-9178-04EA0374AA0F}.Release|Any CPU.Build.0 = Release|Any CPU
	EndGlobalSection
	GlobalSection(SolutionProperties) = preSolution
		HideSolutionNode = FALSE
	EndGlobalSection
	GlobalSection(ExtensibilityGlobals) = postSolution
		SolutionGuid = {85868350-8A28-4BB7-9D07-147CF8B20060}
	EndGlobalSection
EndGlobal
